// !$*UTF8*$!
{
	archiveVersion = 1;
	classes = {
	};
	objectVersion = 50;
	objects = {

/* Begin PBXBuildFile section */
		1F49B30722EF3807006E8EDF /* AppDelegate.swift in Sources */ = {isa = PBXBuildFile; fileRef = 1F49B30622EF3807006E8EDF /* AppDelegate.swift */; };
		1F49B30922EF3807006E8EDF /* ViewController.swift in Sources */ = {isa = PBXBuildFile; fileRef = 1F49B30822EF3807006E8EDF /* ViewController.swift */; };
		1F49B30C22EF3807006E8EDF /* Main.storyboard in Resources */ = {isa = PBXBuildFile; fileRef = 1F49B30A22EF3807006E8EDF /* Main.storyboard */; };
		1F49B30E22EF3809006E8EDF /* Assets.xcassets in Resources */ = {isa = PBXBuildFile; fileRef = 1F49B30D22EF3809006E8EDF /* Assets.xcassets */; };
		1F49B31122EF3809006E8EDF /* LaunchScreen.storyboard in Resources */ = {isa = PBXBuildFile; fileRef = 1F49B30F22EF3809006E8EDF /* LaunchScreen.storyboard */; };
		1F49B31922EF383C006E8EDF /* SWAudioSessionManager.swift in Sources */ = {isa = PBXBuildFile; fileRef = 1F49B31822EF383C006E8EDF /* SWAudioSessionManager.swift */; };
/* End PBXBuildFile section */

/* Begin PBXFileReference section */
		1F49B30322EF3807006E8EDF /* AudioChannelsTest.app */ = {isa = PBXFileReference; explicitFileType = wrapper.application; includeInIndex = 0; path = AudioChannelsTest.app; sourceTree = BUILT_PRODUCTS_DIR; };
		1F49B30622EF3807006E8EDF /* AppDelegate.swift */ = {isa = PBXFileReference; lastKnownFileType = sourcecode.swift; path = AppDelegate.swift; sourceTree = "<group>"; };
		1F49B30822EF3807006E8EDF /* ViewController.swift */ = {isa = PBXFileReference; lastKnownFileType = sourcecode.swift; path = ViewController.swift; sourceTree = "<group>"; };
		1F49B30B22EF3807006E8EDF /* Base */ = {isa = PBXFileReference; lastKnownFileType = file.storyboard; name = Base; path = Base.lproj/Main.storyboard; sourceTree = "<group>"; };
		1F49B30D22EF3809006E8EDF /* Assets.xcassets */ = {isa = PBXFileReference; lastKnownFileType = folder.assetcatalog; path = Assets.xcassets; sourceTree = "<group>"; };
		1F49B31022EF3809006E8EDF /* Base */ = {isa = PBXFileReference; lastKnownFileType = file.storyboard; name = Base; path = Base.lproj/LaunchScreen.storyboard; sourceTree = "<group>"; };
		1F49B31222EF3809006E8EDF /* Info.plist */ = {isa = PBXFileReference; lastKnownFileType = text.plist.xml; path = Info.plist; sourceTree = "<group>"; };
		1F49B31822EF383C006E8EDF /* SWAudioSessionManager.swift */ = {isa = PBXFileReference; fileEncoding = 4; lastKnownFileType = sourcecode.swift; path = SWAudioSessionManager.swift; sourceTree = "<group>"; };
/* End PBXFileReference section */

/* Begin PBXFrameworksBuildPhase section */
		1F49B30022EF3807006E8EDF /* Frameworks */ = {
			isa = PBXFrameworksBuildPhase;
			buildActionMask = 2147483647;
			files = (
			);
			runOnlyForDeploymentPostprocessing = 0;
		};
/* End PBXFrameworksBuildPhase section */

/* Begin PBXGroup section */
		1F49B2FA22EF3807006E8EDF = {
			isa = PBXGroup;
			children = (
				1F49B30522EF3807006E8EDF /* AudioChannelsTest */,
				1F49B30422EF3807006E8EDF /* Products */,
			);
			sourceTree = "<group>";
		};
		1F49B30422EF3807006E8EDF /* Products */ = {
			isa = PBXGroup;
			children = (
				1F49B30322EF3807006E8EDF /* AudioChannelsTest.app */,
			);
			name = Products;
			sourceTree = "<group>";
		};
		1F49B30522EF3807006E8EDF /* AudioChannelsTest */ = {
			isa = PBXGroup;
			children = (
				1F49B30622EF3807006E8EDF /* AppDelegate.swift */,
				1F49B30822EF3807006E8EDF /* ViewController.swift */,
				1F49B31822EF383C006E8EDF /* SWAudioSessionManager.swift */,
				1F49B30A22EF3807006E8EDF /* Main.storyboard */,
				1F49B30D22EF3809006E8EDF /* Assets.xcassets */,
				1F49B30F22EF3809006E8EDF /* LaunchScreen.storyboard */,
				1F49B31222EF3809006E8EDF /* Info.plist */,
			);
			path = AudioChannelsTest;
			sourceTree = "<group>";
		};
/* End PBXGroup section */

/* Begin PBXNativeTarget section */
		1F49B30222EF3807006E8EDF /* AudioChannelsTest */ = {
			isa = PBXNativeTarget;
			buildConfigurationList = 1F49B31522EF3809006E8EDF /* Build configuration list for PBXNativeTarget "AudioChannelsTest" */;
			buildPhases = (
				1F49B2FF22EF3807006E8EDF /* Sources */,
				1F49B30022EF3807006E8EDF /* Frameworks */,
				1F49B30122EF3807006E8EDF /* Resources */,
			);
			buildRules = (
			);
			dependencies = (
			);
			name = AudioChannelsTest;
			productName = AudioChannelsTest;
			productReference = 1F49B30322EF3807006E8EDF /* AudioChannelsTest.app */;
			productType = "com.apple.product-type.application";
		};
/* End PBXNativeTarget section */

/* Begin PBXProject section */
		1F49B2FB22EF3807006E8EDF /* Project object */ = {
			isa = PBXProject;
			attributes = {
				LastSwiftUpdateCheck = 1020;
				LastUpgradeCheck = 1020;
				ORGANIZATIONNAME = "Oleksii Bukhantsov";
				TargetAttributes = {
					1F49B30222EF3807006E8EDF = {
						CreatedOnToolsVersion = 10.2.1;
					};
				};
			};
			buildConfigurationList = 1F49B2FE22EF3807006E8EDF /* Build configuration list for PBXProject "AudioChannelsTest" */;
			compatibilityVersion = "Xcode 9.3";
			developmentRegion = en;
			hasScannedForEncodings = 0;
			knownRegions = (
				en,
				Base,
			);
			mainGroup = 1F49B2FA22EF3807006E8EDF;
			productRefGroup = 1F49B30422EF3807006E8EDF /* Products */;
			projectDirPath = "";
			projectRoot = "";
			targets = (
				1F49B30222EF3807006E8EDF /* AudioChannelsTest */,
			);
		};
/* End PBXProject section */

/* Begin PBXResourcesBuildPhase section */
		1F49B30122EF3807006E8EDF /* Resources */ = {
			isa = PBXResourcesBuildPhase;
			buildActionMask = 2147483647;
			files = (
				1F49B31122EF3809006E8EDF /* LaunchScreen.storyboard in Resources */,
				1F49B30E22EF3809006E8EDF /* Assets.xcassets in Resources */,
				1F49B30C22EF3807006E8EDF /* Main.storyboard in Resources */,
			);
			runOnlyForDeploymentPostprocessing = 0;
		};
/* End PBXResourcesBuildPhase section */

/* Begin PBXSourcesBuildPhase section */
		1F49B2FF22EF3807006E8EDF /* Sources */ = {
			isa = PBXSourcesBuildPhase;
			buildActionMask = 2147483647;
			files = (
				1F49B30922EF3807006E8EDF /* ViewController.swift in Sources */,
				1F49B31922EF383C006E8EDF /* SWAudioSessionManager.swift in Sources */,
				1F49B30722EF3807006E8EDF /* AppDelegate.swift in Sources */,
			);
			runOnlyForDeploymentPostprocessing = 0;
		};
/* End PBXSourcesBuildPhase section */

/* Begin PBXVariantGroup section */
		1F49B30A22EF3807006E8EDF /* Main.storyboard */ = {
			isa = PBXVariantGroup;
			children = (
				1F49B30B22EF3807006E8EDF /* Base */,
			);
			name = Main.storyboard;
			sourceTree = "<group>";
		};
		1F49B30F22EF3809006E8EDF /* LaunchScreen.storyboard */ = {
			isa = PBXVariantGroup;
			children = (
				1F49B31022EF3809006E8EDF /* Base */,
			);
			name = LaunchScreen.storyboard;
			sourceTree = "<group>";
		};
/* End PBXVariantGroup section */

/* Begin XCBuildConfiguration section */
		1F49B31322EF3809006E8EDF /* Debug */ = {
			isa = XCBuildConfiguration;
			buildSettings = {
				ALWAYS_SEARCH_USER_PATHS = NO;
				CLANG_ANALYZER_NONNULL = YES;
				CLANG_ANALYZER_NUMBER_OBJECT_CONVERSION = YES_AGGRESSIVE;
				CLANG_CXX_LANGUAGE_STANDARD = "gnu++14";
				CLANG_CXX_LIBRARY = "libc++";
				CLANG_ENABLE_MODULES = YES;
				CLANG_ENABLE_OBJC_ARC = YES;
				CLANG_ENABLE_OBJC_WEAK = YES;
				CLANG_WARN_BLOCK_CAPTURE_AUTORELEASING = YES;
				CLANG_WARN_BOOL_CONVERSION = YES;
				CLANG_WARN_COMMA = YES;
				CLANG_WARN_CONSTANT_CONVERSION = YES;
				CLANG_WARN_DEPRECATED_OBJC_IMPLEMENTATIONS = YES;
				CLANG_WARN_DIRECT_OBJC_ISA_USAGE = YES_ERROR;
				CLANG_WARN_DOCUMENTATION_COMMENTS = YES;
				CLANG_WARN_EMPTY_BODY = YES;
				CLANG_WARN_ENUM_CONVERSION = YES;
				CLANG_WARN_INFINITE_RECURSION = YES;
				CLANG_WARN_INT_CONVERSION = YES;
				CLANG_WARN_NON_LITERAL_NULL_CONVERSION = YES;
				CLANG_WARN_OBJC_IMPLICIT_RETAIN_SELF = YES;
				CLANG_WARN_OBJC_LITERAL_CONVERSION = YES;
				CLANG_WARN_OBJC_ROOT_CLASS = YES_ERROR;
				CLANG_WARN_RANGE_LOOP_ANALYSIS = YES;
				CLANG_WARN_STRICT_PROTOTYPES = YES;
				CLANG_WARN_SUSPICIOUS_MOVE = YES;
				CLANG_WARN_UNGUARDED_AVAILABILITY = YES_AGGRESSIVE;
				CLANG_WARN_UNREACHABLE_CODE = YES;
				CLANG_WARN__DUPLICATE_METHOD_MATCH = YES;
				CODE_SIGN_IDENTITY = "iPhone Developer";
				COPY_PHASE_STRIP = NO;
				DEBUG_INFORMATION_FORMAT = dwarf;
				ENABLE_STRICT_OBJC_MSGSEND = YES;
				ENABLE_TESTABILITY = YES;
				GCC_C_LANGUAGE_STANDARD = gnu11;
				GCC_DYNAMIC_NO_PIC = NO;
				GCC_NO_COMMON_BLOCKS = YES;
				GCC_OPTIMIZATION_LEVEL = 0;
				GCC_PREPROCESSOR_DEFINITIONS = (
					"DEBUG=1",
					"$(inherited)",
				);
				GCC_WARN_64_TO_32_BIT_CONVERSION = YES;
				GCC_WARN_ABOUT_RETURN_TYPE = YES_ERROR;
				GCC_WARN_UNDECLARED_SELECTOR = YES;
				GCC_WARN_UNINITIALIZED_AUTOS = YES_AGGRESSIVE;
				GCC_WARN_UNUSED_FUNCTION = YES;
				GCC_WARN_UNUSED_VARIABLE = YES;
				IPHONEOS_DEPLOYMENT_TARGET = 12.2;
				MTL_ENABLE_DEBUG_INFO = INCLUDE_SOURCE;
				MTL_FAST_MATH = YES;
				ONLY_ACTIVE_ARCH = YES;
				SDKROOT = iphoneos;
				SWIFT_ACTIVE_COMPILATION_CONDITIONS = DEBUG;
				SWIFT_OPTIMIZATION_LEVEL = "-Onone";
			};
			name = Debug;
		};
		1F49B31422EF3809006E8EDF /* Release */ = {
			isa = XCBuildConfiguration;
			buildSettings = {
				ALWAYS_SEARCH_USER_PATHS = NO;
				CLANG_ANALYZER_NONNULL = YES;
				CLANG_ANALYZER_NUMBER_OBJECT_CONVERSION = YES_AGGRESSIVE;
				CLANG_CXX_LANGUAGE_STANDARD = "gnu++14";
				CLANG_CXX_LIBRARY = "libc++";
				CLANG_ENABLE_MODULES = YES;
				CLANG_ENABLE_OBJC_ARC = YES;
				CLANG_ENABLE_OBJC_WEAK = YES;
				CLANG_WARN_BLOCK_CAPTURE_AUTORELEASING = YES;
				CLANG_WARN_BOOL_CONVERSION = YES;
				CLANG_WARN_COMMA = YES;
				CLANG_WARN_CONSTANT_CONVERSION = YES;
				CLANG_WARN_DEPRECATED_OBJC_IMPLEMENTATIONS = YES;
				CLANG_WARN_DIRECT_OBJC_ISA_USAGE = YES_ERROR;
				CLANG_WARN_DOCUMENTATION_COMMENTS = YES;
				CLANG_WARN_EMPTY_BODY = YES;
				CLANG_WARN_ENUM_CONVERSION = YES;
				CLANG_WARN_INFINITE_RECURSION = YES;
				CLANG_WARN_INT_CONVERSION = YES;
				CLANG_WARN_NON_LITERAL_NULL_CONVERSION = YES;
				CLANG_WARN_OBJC_IMPLICIT_RETAIN_SELF = YES;
				CLANG_WARN_OBJC_LITERAL_CONVERSION = YES;
				CLANG_WARN_OBJC_ROOT_CLASS = YES_ERROR;
				CLANG_WARN_RANGE_LOOP_ANALYSIS = YES;
				CLANG_WARN_STRICT_PROTOTYPES = YES;
				CLANG_WARN_SUSPICIOUS_MOVE = YES;
				CLANG_WARN_UNGUARDED_AVAILABILITY = YES_AGGRESSIVE;
				CLANG_WARN_UNREACHABLE_CODE = YES;
				CLANG_WARN__DUPLICATE_METHOD_MATCH = YES;
				CODE_SIGN_IDENTITY = "iPhone Developer";
				COPY_PHASE_STRIP = NO;
				DEBUG_INFORMATION_FORMAT = "dwarf-with-dsym";
				ENABLE_NS_ASSERTIONS = NO;
				ENABLE_STRICT_OBJC_MSGSEND = YES;
				GCC_C_LANGUAGE_STANDARD = gnu11;
				GCC_NO_COMMON_BLOCKS = YES;
				GCC_WARN_64_TO_32_BIT_CONVERSION = YES;
				GCC_WARN_ABOUT_RETURN_TYPE = YES_ERROR;
				GCC_WARN_UNDECLARED_SELECTOR = YES;
				GCC_WARN_UNINITIALIZED_AUTOS = YES_AGGRESSIVE;
				GCC_WARN_UNUSED_FUNCTION = YES;
				GCC_WARN_UNUSED_VARIABLE = YES;
				IPHONEOS_DEPLOYMENT_TARGET = 12.2;
				MTL_ENABLE_DEBUG_INFO = NO;
				MTL_FAST_MATH = YES;
				SDKROOT = iphoneos;
				SWIFT_COMPILATION_MODE = wholemodule;
				SWIFT_OPTIMIZATION_LEVEL = "-O";
				VALIDATE_PRODUCT = YES;
			};
			name = Release;
		};
		1F49B31622EF3809006E8EDF /* Debug */ = {
			isa = XCBuildConfiguration;
			buildSettings = {
				ASSETCATALOG_COMPILER_APPICON_NAME = AppIcon;
				CODE_SIGN_STYLE = Automatic;
				DEVELOPMENT_TEAM = "";
				INFOPLIST_FILE = AudioChannelsTest/Info.plist;
				IPHONEOS_DEPLOYMENT_TARGET = 9.3;
				LD_RUNPATH_SEARCH_PATHS = (
					"$(inherited)",
					"@executable_path/Frameworks",
				);
				PRODUCT_BUNDLE_IDENTIFIER = com.swivl.AudioChannelsTest;
				PRODUCT_NAME = "$(TARGET_NAME)";
				SWIFT_VERSION = 5.0;
				TARGETED_DEVICE_FAMILY = "1,2";
			};
			name = Debug;
		};
		1F49B31722EF3809006E8EDF /* Release */ = {
			isa = XCBuildConfiguration;
			buildSettings = {
				ASSETCATALOG_COMPILER_APPICON_NAME = AppIcon;
				CODE_SIGN_STYLE = Automatic;
				DEVELOPMENT_TEAM = "";
				INFOPLIST_FILE = AudioChannelsTest/Info.plist;
				IPHONEOS_DEPLOYMENT_TARGET = 9.3;
				LD_RUNPATH_SEARCH_PATHS = (
					"$(inherited)",
					"@executable_path/Frameworks",
				);
				PRODUCT_BUNDLE_IDENTIFIER = com.swivl.AudioChannelsTest;
				PRODUCT_NAME = "$(TARGET_NAME)";
				SWIFT_VERSION = 5.0;
				TARGETED_DEVICE_FAMILY = "1,2";
			};
			name = Release;
		};
/* End XCBuildConfiguration section */

/* Begin XCConfigurationList section */
		1F49B2FE22EF3807006E8EDF /* Build configuration list for PBXProject "AudioChannelsTest" */ = {
			isa = XCConfigurationList;
			buildConfigurations = (
				1F49B31322EF3809006E8EDF /* Debug */,
				1F49B31422EF3809006E8EDF /* Release */,
			);
			defaultConfigurationIsVisible = 0;
			defaultConfigurationName = Release;
		};
		1F49B31522EF3809006E8EDF /* Build configuration list for PBXNativeTarget "AudioChannelsTest" */ = {
			isa = XCConfigurationList;
			buildConfigurations = (
				1F49B31622EF3809006E8EDF /* Debug */,
				1F49B31722EF3809006E8EDF /* Release */,
			);
			defaultConfigurationIsVisible = 0;
			defaultConfigurationName = Release;
		};
/* End XCConfigurationList section */
	};
	rootObject = 1F49B2FB22EF3807006E8EDF /* Project object */;
}
